
Microsoft Visual Studio Solution File, Format Version 12.00
# Visual Studio Version 17
VisualStudioVersion = 17.4.33213.308
MinimumVisualStudioVersion = 10.0.40219.1
Project("{9A19103F-16F7-4668-BE54-9A1E7A4F7556}") = "Day8_Form", "Day8_Form.csproj", "{6A975DF4-05A7-43AE-A73B-2892093FA46C}"
EndProject
Project("{9A19103F-16F7-4668-BE54-9A1E7A4F7556}") = "BLL", "..\BLL\BLL.csproj", "{286CEC3D-E1A2-4325-997B-0C0782710BB7}"
EndProject
Project("{9A19103F-16F7-4668-BE54-9A1E7A4F7556}") = "DAL", "..\DAL\DAL.csproj", "{5639B874-1EC7-44E8-8F3E-1C05CC43301C}"
EndProject
Global
	GlobalSection(SolutionConfigurationPlatforms) = preSolution
		Debug|Any CPU = Debug|Any CPU
		Release|Any CPU = Release|Any CPU
	EndGlobalSection
	GlobalSection(ProjectConfigurationPlatforms) = postSolution
		{6A975DF4-05A7-43AE-A73B-2892093FA46C}.Debug|Any CPU.ActiveCfg = Debug|Any CPU
		{6A975DF4-05A7-43AE-A73B-2892093FA46C}.Debug|Any CPU.Build.0 = Debug|Any CPU
		{6A975DF4-05A7-43AE-A73B-2892093FA46C}.Release|Any CPU.ActiveCfg = Release|Any CPU
		{6A975DF4-05A7-43AE-A73B-2892093FA46C}.Release|Any CPU.Build.0 = Release|Any CPU
		{286CEC3D-E1A2-4325-997B-0C0782710BB7}.Debug|Any CPU.ActiveCfg = Debug|Any CPU
		{286CEC3D-E1A2-4325-997B-0C0782710BB7}.Debug|Any CPU.Build.0 = Debug|Any CPU
		{286CEC3D-E1A2-4325-997B-0C0782710BB7}.Release|Any CPU.ActiveCfg = Release|Any CPU
		{286CEC3D-E1A2-4325-997B-0C0782710BB7}.Release|Any CPU.Build.0 = Release|Any CPU
		{5639B874-1EC7-44E8-8F3E-1C05CC43301C}.Debug|Any CPU.ActiveCfg = Debug|Any CPU
		{5639B874-1EC7-44E8-8F3E-1C05CC43301C}.Debug|Any CPU.Build.0 = Debug|Any CPU
		{5639B874-1EC7-44E8-8F3E-1C05CC43301C}.Release|Any CPU.ActiveCfg = Release|Any CPU
		{5639B874-1EC7-44E8-8F3E-1C05CC43301C}.Release|Any CPU.Build.0 = Release|Any CPU
	EndGlobalSection
	GlobalSection(SolutionProperties) = preSolution
		HideSolutionNode = FALSE
	EndGlobalSection
	GlobalSection(ExtensibilityGlobals) = postSolution
		SolutionGuid = {A74DCE64-F133-493D-9C0C-9269E2FBA8D0}
	EndGlobalSection
EndGlobal
